<?xml version="1.0" encoding="utf-8"?>
<Project ToolsVersion="17.0" xmlns="http://schemas.microsoft.com/developer/msbuild/2003">
  <ItemGroup>
    <ClCompile Include="E:\Team_Bass\WhatsCanvas2\tests\package_consumer\main.cpp">
      <Filter>Source Files</Filter>
    </ClCompile>
  </ItemGroup>
  <ItemGroup>
    <CustomBuild Include="E:\Team_Bass\WhatsCanvas2\tests\package_consumer\CMakeLists.txt" />
  </ItemGroup>
  <ItemGroup>
    <Filter Include="Source Files">
      <UniqueIdentifier>{3C976C39-956C-30E1-A0D7-4A4EA8A68BE0}</UniqueIdentifier>
    </Filter>
  </ItemGroup>
</Project>
